// !$*UTF8*$!
{
	archiveVersion = 1;
	classes = {
	};
	objectVersion = 46;
	objects = {

/* Begin PBXBuildFile section */
		EB8D132E1C30E53200452967 /* LoadingCell.xib in Resources */ = {isa = PBXBuildFile; fileRef = EB8D132D1C30E53200452967 /* LoadingCell.xib */; };
		EBC4007D1C2FB886004FB90C /* AppDelegate.swift in Sources */ = {isa = PBXBuildFile; fileRef = EBC4007C1C2FB886004FB90C /* AppDelegate.swift */; };
		EBC4007F1C2FB886004FB90C /* SearchViewController.swift in Sources */ = {isa = PBXBuildFile; fileRef = EBC4007E1C2FB886004FB90C /* SearchViewController.swift */; };
		EBC400821C2FB886004FB90C /* Main.storyboard in Resources */ = {isa = PBXBuildFile; fileRef = EBC400801C2FB886004FB90C /* Main.storyboard */; };
		EBC400841C2FB886004FB90C /* Assets.xcassets in Resources */ = {isa = PBXBuildFile; fileRef = EBC400831C2FB886004FB90C /* Assets.xcassets */; };
		EBC400871C2FB886004FB90C /* LaunchScreen.storyboard in Resources */ = {isa = PBXBuildFile; fileRef = EBC400851C2FB886004FB90C /* LaunchScreen.storyboard */; };
		EBC4008F1C2FC4D7004FB90C /* SearchResult.swift in Sources */ = {isa = PBXBuildFile; fileRef = EBC4008E1C2FC4D7004FB90C /* SearchResult.swift */; };
		EBC400931C2FCAC6004FB90C /* SearchResultCell.xib in Resources */ = {isa = PBXBuildFile; fileRef = EBC400921C2FCAC6004FB90C /* SearchResultCell.xib */; };
		EBC400951C2FCEA7004FB90C /* SearchResultCell.swift in Sources */ = {isa = PBXBuildFile; fileRef = EBC400941C2FCEA7004FB90C /* SearchResultCell.swift */; };
		EBC400971C2FDFDA004FB90C /* NothingFoundCell.xib in Resources */ = {isa = PBXBuildFile; fileRef = EBC400961C2FDFDA004FB90C /* NothingFoundCell.xib */; };
		EBC400991C2FF273004FB90C /* data.json in Resources */ = {isa = PBXBuildFile; fileRef = EBC400981C2FF273004FB90C /* data.json */; };
/* End PBXBuildFile section */

/* Begin PBXFileReference section */
		EB8D132D1C30E53200452967 /* LoadingCell.xib */ = {isa = PBXFileReference; fileEncoding = 4; lastKnownFileType = file.xib; path = LoadingCell.xib; sourceTree = "<group>"; };
		EBC400791C2FB886004FB90C /* StoreSearch20151227.app */ = {isa = PBXFileReference; explicitFileType = wrapper.application; includeInIndex = 0; path = StoreSearch20151227.app; sourceTree = BUILT_PRODUCTS_DIR; };
		EBC4007C1C2FB886004FB90C /* AppDelegate.swift */ = {isa = PBXFileReference; lastKnownFileType = sourcecode.swift; path = AppDelegate.swift; sourceTree = "<group>"; };
		EBC4007E1C2FB886004FB90C /* SearchViewController.swift */ = {isa = PBXFileReference; lastKnownFileType = sourcecode.swift; path = SearchViewController.swift; sourceTree = "<group>"; };
		EBC400811C2FB886004FB90C /* Base */ = {isa = PBXFileReference; lastKnownFileType = file.storyboard; name = Base; path = Base.lproj/Main.storyboard; sourceTree = "<group>"; };
		EBC400831C2FB886004FB90C /* Assets.xcassets */ = {isa = PBXFileReference; lastKnownFileType = folder.assetcatalog; path = Assets.xcassets; sourceTree = "<group>"; };
		EBC400861C2FB886004FB90C /* Base */ = {isa = PBXFileReference; lastKnownFileType = file.storyboard; name = Base; path = Base.lproj/LaunchScreen.storyboard; sourceTree = "<group>"; };
		EBC400881C2FB886004FB90C /* Info.plist */ = {isa = PBXFileReference; lastKnownFileType = text.plist.xml; path = Info.plist; sourceTree = "<group>"; };
		EBC4008E1C2FC4D7004FB90C /* SearchResult.swift */ = {isa = PBXFileReference; fileEncoding = 4; lastKnownFileType = sourcecode.swift; path = SearchResult.swift; sourceTree = "<group>"; };
		EBC400921C2FCAC6004FB90C /* SearchResultCell.xib */ = {isa = PBXFileReference; fileEncoding = 4; lastKnownFileType = file.xib; path = SearchResultCell.xib; sourceTree = "<group>"; };
		EBC400941C2FCEA7004FB90C /* SearchResultCell.swift */ = {isa = PBXFileReference; fileEncoding = 4; lastKnownFileType = sourcecode.swift; path = SearchResultCell.swift; sourceTree = "<group>"; };
		EBC400961C2FDFDA004FB90C /* NothingFoundCell.xib */ = {isa = PBXFileReference; fileEncoding = 4; lastKnownFileType = file.xib; path = NothingFoundCell.xib; sourceTree = "<group>"; };
		EBC400981C2FF273004FB90C /* data.json */ = {isa = PBXFileReference; fileEncoding = 4; lastKnownFileType = text.json; path = data.json; sourceTree = "<group>"; };
/* End PBXFileReference section */

/* Begin PBXFrameworksBuildPhase section */
		EBC400761C2FB886004FB90C /* Frameworks */ = {
			isa = PBXFrameworksBuildPhase;
			buildActionMask = 2147483647;
			files = (
			);
			runOnlyForDeploymentPostprocessing = 0;
		};
/* End PBXFrameworksBuildPhase section */

/* Begin PBXGroup section */
		EB8D132C1C30E51600452967 /* View */ = {
			isa = PBXGroup;
			children = (
				EBC400921C2FCAC6004FB90C /* SearchResultCell.xib */,
				EBC400961C2FDFDA004FB90C /* NothingFoundCell.xib */,
				EB8D132D1C30E53200452967 /* LoadingCell.xib */,
			);
			name = View;
			sourceTree = "<group>";
		};
		EBC400701C2FB886004FB90C = {
			isa = PBXGroup;
			children = (
				EBC4007B1C2FB886004FB90C /* StoreSearch20151227 */,
				EBC4007A1C2FB886004FB90C /* Products */,
			);
			sourceTree = "<group>";
		};
		EBC4007A1C2FB886004FB90C /* Products */ = {
			isa = PBXGroup;
			children = (
				EBC400791C2FB886004FB90C /* StoreSearch20151227.app */,
			);
			name = Products;
			sourceTree = "<group>";
		};
		EBC4007B1C2FB886004FB90C /* StoreSearch20151227 */ = {
			isa = PBXGroup;
			children = (
				EB8D132C1C30E51600452967 /* View */,
				EBC400911C2FC533004FB90C /* Controller */,
				EBC400901C2FC4DB004FB90C /* Model */,
				EBC4007C1C2FB886004FB90C /* AppDelegate.swift */,
				EBC400801C2FB886004FB90C /* Main.storyboard */,
				EBC400831C2FB886004FB90C /* Assets.xcassets */,
				EBC400851C2FB886004FB90C /* LaunchScreen.storyboard */,
				EBC400881C2FB886004FB90C /* Info.plist */,
				EBC400981C2FF273004FB90C /* data.json */,
			);
			path = StoreSearch20151227;
			sourceTree = "<group>";
		};
		EBC400901C2FC4DB004FB90C /* Model */ = {
			isa = PBXGroup;
			children = (
				EBC4008E1C2FC4D7004FB90C /* SearchResult.swift */,
			);
			name = Model;
			sourceTree = "<group>";
		};
		EBC400911C2FC533004FB90C /* Controller */ = {
			isa = PBXGroup;
			children = (
				EBC4007E1C2FB886004FB90C /* SearchViewController.swift */,
				EBC400941C2FCEA7004FB90C /* SearchResultCell.swift */,
			);
			name = Controller;
			sourceTree = "<group>";
		};
/* End PBXGroup section */

/* Begin PBXNativeTarget section */
		EBC400781C2FB886004FB90C /* StoreSearch20151227 */ = {
			isa = PBXNativeTarget;
			buildConfigurationList = EBC4008B1C2FB886004FB90C /* Build configuration list for PBXNativeTarget "StoreSearch20151227" */;
			buildPhases = (
				EBC400751C2FB886004FB90C /* Sources */,
				EBC400761C2FB886004FB90C /* Frameworks */,
				EBC400771C2FB886004FB90C /* Resources */,
			);
			buildRules = (
			);
			dependencies = (
			);
			name = StoreSearch20151227;
			productName = StoreSearch20151227;
			productReference = EBC400791C2FB886004FB90C /* StoreSearch20151227.app */;
			productType = "com.apple.product-type.application";
		};
/* End PBXNativeTarget section */

/* Begin PBXProject section */
		EBC400711C2FB886004FB90C /* Project object */ = {
			isa = PBXProject;
			attributes = {
				LastSwiftUpdateCheck = 0720;
				LastUpgradeCheck = 0720;
				ORGANIZATIONNAME = xudong7930;
				TargetAttributes = {
					EBC400781C2FB886004FB90C = {
						CreatedOnToolsVersion = 7.2;
						DevelopmentTeam = FRGE5Y3VHE;
					};
				};
			};
			buildConfigurationList = EBC400741C2FB886004FB90C /* Build configuration list for PBXProject "StoreSearch20151227" */;
			compatibilityVersion = "Xcode 3.2";
			developmentRegion = English;
			hasScannedForEncodings = 0;
			knownRegions = (
				en,
				Base,
			);
			mainGroup = EBC400701C2FB886004FB90C;
			productRefGroup = EBC4007A1C2FB886004FB90C /* Products */;
			projectDirPath = "";
			projectRoot = "";
			targets = (
				EBC400781C2FB886004FB90C /* StoreSearch20151227 */,
			);
		};
/* End PBXProject section */

/* Begin PBXResourcesBuildPhase section */
		EBC400771C2FB886004FB90C /* Resources */ = {
			isa = PBXResourcesBuildPhase;
			buildActionMask = 2147483647;
			files = (
				EB8D132E1C30E53200452967 /* LoadingCell.xib in Resources */,
				EBC400871C2FB886004FB90C /* LaunchScreen.storyboard in Resources */,
				EBC400991C2FF273004FB90C /* data.json in Resources */,
				EBC400841C2FB886004FB90C /* Assets.xcassets in Resources */,
				EBC400931C2FCAC6004FB90C /* SearchResultCell.xib in Resources */,
				EBC400971C2FDFDA004FB90C /* NothingFoundCell.xib in Resources */,
				EBC400821C2FB886004FB90C /* Main.storyboard in Resources */,
			);
			runOnlyForDeploymentPostprocessing = 0;
		};
/* End PBXResourcesBuildPhase section */

/* Begin PBXSourcesBuildPhase section */
		EBC400751C2FB886004FB90C /* Sources */ = {
			isa = PBXSourcesBuildPhase;
			buildActionMask = 2147483647;
			files = (
				EBC4007F1C2FB886004FB90C /* SearchViewController.swift in Sources */,
				EBC4008F1C2FC4D7004FB90C /* SearchResult.swift in Sources */,
				EBC400951C2FCEA7004FB90C /* SearchResultCell.swift in Sources */,
				EBC4007D1C2FB886004FB90C /* AppDelegate.swift in Sources */,
			);
			runOnlyForDeploymentPostprocessing = 0;
		};
/* End PBXSourcesBuildPhase section */

/* Begin PBXVariantGroup section */
		EBC400801C2FB886004FB90C /* Main.storyboard */ = {
			isa = PBXVariantGroup;
			children = (
				EBC400811C2FB886004FB90C /* Base */,
			);
			name = Main.storyboard;
			sourceTree = "<group>";
		};
		EBC400851C2FB886004FB90C /* LaunchScreen.storyboard */ = {
			isa = PBXVariantGroup;
			children = (
				EBC400861C2FB886004FB90C /* Base */,
			);
			name = LaunchScreen.storyboard;
			sourceTree = "<group>";
		};
/* End PBXVariantGroup section */

/* Begin XCBuildConfiguration section */
		EBC400891C2FB886004FB90C /* Debug */ = {
			isa = XCBuildConfiguration;
			buildSettings = {
				ALWAYS_SEARCH_USER_PATHS = NO;
				CLANG_CXX_LANGUAGE_STANDARD = "gnu++0x";
				CLANG_CXX_LIBRARY = "libc++";
				CLANG_ENABLE_MODULES = YES;
				CLANG_ENABLE_OBJC_ARC = YES;
				CLANG_WARN_BOOL_CONVERSION = YES;
				CLANG_WARN_CONSTANT_CONVERSION = YES;
				CLANG_WARN_DIRECT_OBJC_ISA_USAGE = YES_ERROR;
				CLANG_WARN_EMPTY_BODY = YES;
				CLANG_WARN_ENUM_CONVERSION = YES;
				CLANG_WARN_INT_CONVERSION = YES;
				CLANG_WARN_OBJC_ROOT_CLASS = YES_ERROR;
				CLANG_WARN_UNREACHABLE_CODE = YES;
				CLANG_WARN__DUPLICATE_METHOD_MATCH = YES;
				"CODE_SIGN_IDENTITY[sdk=iphoneos*]" = "iPhone Developer";
				COPY_PHASE_STRIP = NO;
				DEBUG_INFORMATION_FORMAT = dwarf;
				ENABLE_STRICT_OBJC_MSGSEND = YES;
				ENABLE_TESTABILITY = YES;
				GCC_C_LANGUAGE_STANDARD = gnu99;
				GCC_DYNAMIC_NO_PIC = NO;
				GCC_NO_COMMON_BLOCKS = YES;
				GCC_OPTIMIZATION_LEVEL = 0;
				GCC_PREPROCESSOR_DEFINITIONS = (
					"DEBUG=1",
					"$(inherited)",
				);
				GCC_WARN_64_TO_32_BIT_CONVERSION = YES;
				GCC_WARN_ABOUT_RETURN_TYPE = YES_ERROR;
				GCC_WARN_UNDECLARED_SELECTOR = YES;
				GCC_WARN_UNINITIALIZED_AUTOS = YES_AGGRESSIVE;
				GCC_WARN_UNUSED_FUNCTION = YES;
				GCC_WARN_UNUSED_VARIABLE = YES;
				IPHONEOS_DEPLOYMENT_TARGET = 9.2;
				MTL_ENABLE_DEBUG_INFO = YES;
				ONLY_ACTIVE_ARCH = YES;
				SDKROOT = iphoneos;
				SWIFT_OPTIMIZATION_LEVEL = "-Onone";
			};
			name = Debug;
		};
		EBC4008A1C2FB886004FB90C /* Release */ = {
			isa = XCBuildConfiguration;
			buildSettings = {
				ALWAYS_SEARCH_USER_PATHS = NO;
				CLANG_CXX_LANGUAGE_STANDARD = "gnu++0x";
				CLANG_CXX_LIBRARY = "libc++";
				CLANG_ENABLE_MODULES = YES;
				CLANG_ENABLE_OBJC_ARC = YES;
				CLANG_WARN_BOOL_CONVERSION = YES;
				CLANG_WARN_CONSTANT_CONVERSION = YES;
				CLANG_WARN_DIRECT_OBJC_ISA_USAGE = YES_ERROR;
				CLANG_WARN_EMPTY_BODY = YES;
				CLANG_WARN_ENUM_CONVERSION = YES;
				CLANG_WARN_INT_CONVERSION = YES;
				CLANG_WARN_OBJC_ROOT_CLASS = YES_ERROR;
				CLANG_WARN_UNREACHABLE_CODE = YES;
				CLANG_WARN__DUPLICATE_METHOD_MATCH = YES;
				"CODE_SIGN_IDENTITY[sdk=iphoneos*]" = "iPhone Developer";
				COPY_PHASE_STRIP = NO;
				DEBUG_INFORMATION_FORMAT = "dwarf-with-dsym";
				ENABLE_NS_ASSERTIONS = NO;
				ENABLE_STRICT_OBJC_MSGSEND = YES;
				GCC_C_LANGUAGE_STANDARD = gnu99;
				GCC_NO_COMMON_BLOCKS = YES;
				GCC_WARN_64_TO_32_BIT_CONVERSION = YES;
				GCC_WARN_ABOUT_RETURN_TYPE = YES_ERROR;
				GCC_WARN_UNDECLARED_SELECTOR = YES;
				GCC_WARN_UNINITIALIZED_AUTOS = YES_AGGRESSIVE;
				GCC_WARN_UNUSED_FUNCTION = YES;
				GCC_WARN_UNUSED_VARIABLE = YES;
				IPHONEOS_DEPLOYMENT_TARGET = 9.2;
				MTL_ENABLE_DEBUG_INFO = NO;
				SDKROOT = iphoneos;
				VALIDATE_PRODUCT = YES;
			};
			name = Release;
		};
		EBC4008C1C2FB886004FB90C /* Debug */ = {
			isa = XCBuildConfiguration;
			buildSettings = {
				ASSETCATALOG_COMPILER_APPICON_NAME = AppIcon;
				CODE_SIGN_IDENTITY = "iPhone Developer";
				INFOPLIST_FILE = StoreSearch20151227/Info.plist;
				LD_RUNPATH_SEARCH_PATHS = "$(inherited) @executable_path/Frameworks";
				PRODUCT_BUNDLE_IDENTIFIER = com.xudong7930.StoreSearch20151227;
				PRODUCT_NAME = "$(TARGET_NAME)";
			};
			name = Debug;
		};
		EBC4008D1C2FB886004FB90C /* Release */ = {
			isa = XCBuildConfiguration;
			buildSettings = {
				ASSETCATALOG_COMPILER_APPICON_NAME = AppIcon;
				CODE_SIGN_IDENTITY = "iPhone Developer";
				INFOPLIST_FILE = StoreSearch20151227/Info.plist;
				LD_RUNPATH_SEARCH_PATHS = "$(inherited) @executable_path/Frameworks";
				PRODUCT_BUNDLE_IDENTIFIER = com.xudong7930.StoreSearch20151227;
				PRODUCT_NAME = "$(TARGET_NAME)";
			};
			name = Release;
		};
/* End XCBuildConfiguration section */

/* Begin XCConfigurationList section */
		EBC400741C2FB886004FB90C /* Build configuration list for PBXProject "StoreSearch20151227" */ = {
			isa = XCConfigurationList;
			buildConfigurations = (
				EBC400891C2FB886004FB90C /* Debug */,
				EBC4008A1C2FB886004FB90C /* Release */,
			);
			defaultConfigurationIsVisible = 0;
			defaultConfigurationName = Release;
		};
		EBC4008B1C2FB886004FB90C /* Build configuration list for PBXNativeTarget "StoreSearch20151227" */ = {
			isa = XCConfigurationList;
			buildConfigurations = (
				EBC4008C1C2FB886004FB90C /* Debug */,
				EBC4008D1C2FB886004FB90C /* Release */,
			);
			defaultConfigurationIsVisible = 0;
			defaultConfigurationName = Release;
		};
/* End XCConfigurationList section */
	};
	rootObject = EBC400711C2FB886004FB90C /* Project object */;
}
